
Microsoft Visual Studio Solution File, Format Version 12.00
# Visual Studio Version 17
VisualStudioVersion = 17.8.34408.163
MinimumVisualStudioVersion = 10.0.40219.1
Project("{FAE04EC0-301F-11D3-BF4B-00C04F79EFBC}") = "FileSyncCommon", "FileSyncCommon\FileSyncCommon.csproj", "{D9C761B6-EDA2-47FB-9B11-4BC64CB5A1E2}"
EndProject
Project("{FAE04EC0-301F-11D3-BF4B-00C04F79EFBC}") = "FileSyncClient", "FileSyncClient\FileSyncClient.csproj", "{B2E5036C-1DEC-4CA1-A633-B0BA05956606}"
EndProject
Project("{FAE04EC0-301F-11D3-BF4B-00C04F79EFBC}") = "FileSyncServer", "FileSyncServer\FileSyncServer.csproj", "{44932D98-3A0C-4223-B795-2052BBDFD183}"
EndProject
Global
	GlobalSection(SolutionConfigurationPlatforms) = preSolution
		Debug|Any CPU = Debug|Any CPU
		Release|Any CPU = Release|Any CPU
	EndGlobalSection
	GlobalSection(ProjectConfigurationPlatforms) = postSolution
		{D9C761B6-EDA2-47FB-9B11-4BC64CB5A1E2}.Debug|Any CPU.ActiveCfg = Debug|Any CPU
		{D9C761B6-EDA2-47FB-9B11-4BC64CB5A1E2}.Debug|Any CPU.Build.0 = Debug|Any CPU
		{D9C761B6-EDA2-47FB-9B11-4BC64CB5A1E2}.Release|Any CPU.ActiveCfg = Release|Any CPU
		{D9C761B6-EDA2-47FB-9B11-4BC64CB5A1E2}.Release|Any CPU.Build.0 = Release|Any CPU
		{B2E5036C-1DEC-4CA1-A633-B0BA05956606}.Debug|Any CPU.ActiveCfg = Debug|Any CPU
		{B2E5036C-1DEC-4CA1-A633-B0BA05956606}.Debug|Any CPU.Build.0 = Debug|Any CPU
		{B2E5036C-1DEC-4CA1-A633-B0BA05956606}.Release|Any CPU.ActiveCfg = Release|Any CPU
		{B2E5036C-1DEC-4CA1-A633-B0BA05956606}.Release|Any CPU.Build.0 = Release|Any CPU
		{44932D98-3A0C-4223-B795-2052BBDFD183}.Debug|Any CPU.ActiveCfg = Debug|Any CPU
		{44932D98-3A0C-4223-B795-2052BBDFD183}.Debug|Any CPU.Build.0 = Debug|Any CPU
		{44932D98-3A0C-4223-B795-2052BBDFD183}.Release|Any CPU.ActiveCfg = Release|Any CPU
		{44932D98-3A0C-4223-B795-2052BBDFD183}.Release|Any CPU.Build.0 = Release|Any CPU
	EndGlobalSection
	GlobalSection(SolutionProperties) = preSolution
		HideSolutionNode = FALSE
	EndGlobalSection
	GlobalSection(ExtensibilityGlobals) = postSolution
		SolutionGuid = {CD1D78E9-2FFB-447D-B9CF-DAA408180BA1}
	EndGlobalSection
EndGlobal
